{
  "version": 4,
  "terraform_version": "1.7.3",
  "serial": 16,
  "lineage": "121804a2-2ccd-7650-f215-1ce37b303b20",
  "outputs": {
    "aws_sumo_logiv_topic_arn": {
      "value": "arn:aws:sns:us-east-1:356302822595:pacer-pro-platform-test--sumo-logic-alerts",
      "type": "string"
    },
    "ec2_instance_id": {
      "value": "i-02b3633adc79beddb",
      "type": "string"
    },
    "lambda_function_name": {
      "value": "pacer-pro-platform-test--restart-ec2",
      "type": "string"
    },
    "sns_alert_topic_arn": {
      "value": "arn:aws:sns:us-east-1:356302822595:pacer-pro-platform-test--alerts",
      "type": "string"
    }
  },
  "resources": [
    {
      "mode": "data",
      "type": "archive_file",
      "name": "lambda_zip",
      "provider": "provider[\"registry.terraform.io/hashicorp/archive\"]",
      "instances": [
        {
          "schema_version": 0,
          "attributes": {
            "exclude_symlink_directories": null,
            "excludes": null,
            "id": "101062245ba88560b91ec4d770b6be4dff271353",
            "output_base64sha256": "TjDvNYOtCaeuOCCPKhQSiXuOjDDnEMZraOZ3IJP2/XE=",
            "output_base64sha512": "uAwUlWIhN/HmOUGE7muZhDVa7ha6UVkPq9aJv2WVM9tKDkzVlMgfXZyFnfV4iWousGbiBVwdbhzo7u4/r5uFHQ==",
            "output_file_mode": null,
            "output_md5": "ce945647732bddd0cb0f170a1cac9e24",
            "output_path": "./../lambda_function.zip",
            "output_sha": "101062245ba88560b91ec4d770b6be4dff271353",
            "output_sha256": "4e30ef3583ad09a7ae38208f2a1412897b8e8c30e710c66b68e6772093f6fd71",
            "output_sha512": "b80c1495622137f1e6394184ee6b9984355aee16ba51590fabd689bf659533db4a0e4cd594c81f5d9c859df578896a2eb066e2055c1d6e1ce8eeee3faf9b851d",
            "output_size": 870,
            "source": [],
            "source_content": null,
            "source_content_filename": null,
            "source_dir": null,
            "source_file": "./../lambda_function/lambda_function.py",
            "type": "zip"
          },
          "sensitive_attributes": []
        }
      ]
    },
    {
      "mode": "managed",
      "type": "aws_cloudwatch_log_group",
      "name": "lambda_logs",
      "provider": "provider[\"registry.terraform.io/hashicorp/aws\"]",
      "instances": [
        {
          "schema_version": 0,
          "attributes": {
            "arn": "arn:aws:logs:us-east-1:356302822595:log-group:/aws/lambda/pacer-pro-platform-test--restart-ec2",
            "id": "/aws/lambda/pacer-pro-platform-test--restart-ec2",
            "kms_key_id": "",
            "log_group_class": "STANDARD",
            "name": "/aws/lambda/pacer-pro-platform-test--restart-ec2",
            "name_prefix": "",
            "retention_in_days": 7,
            "skip_destroy": false,
            "tags": null,
            "tags_all": {}
          },
          "sensitive_attributes": [],
          "private": "bnVsbA==",
          "dependencies": [
            "aws_iam_role.lambda_role",
            "aws_instance.web_app",
            "aws_lambda_function.restart_ec2",
            "aws_sns_topic.alerts",
            "data.archive_file.lambda_zip"
          ]
        }
      ]
    },
    {
      "mode": "managed",
      "type": "aws_iam_policy",
      "name": "ec2_reboot",
      "provider": "provider[\"registry.terraform.io/hashicorp/aws\"]",
      "instances": [
        {
          "schema_version": 0,
          "attributes": {
            "arn": "arn:aws:iam::356302822595:policy/pacer-pro-platform-test--ec2-reboot",
            "attachment_count": 0,
            "description": "",
            "id": "arn:aws:iam::356302822595:policy/pacer-pro-platform-test--ec2-reboot",
            "name": "pacer-pro-platform-test--ec2-reboot",
            "name_prefix": "",
            "path": "/",
            "policy": "{\"Statement\":[{\"Action\":[\"ec2:RebootInstances\"],\"Effect\":\"Allow\",\"Resource\":\"arn:aws:ec2:us-east-1:356302822595:instance/i-02b3633adc79beddb\"},{\"Action\":[\"ec2:DescribeInstances\",\"ec2:DescribeInstanceStatus\"],\"Effect\":\"Allow\",\"Resource\":\"*\"}],\"Version\":\"2012-10-17\"}",
            "policy_id": "ANPAVF5KNTTBWCL7L2FS3",
            "tags": null,
            "tags_all": {}
          },
          "sensitive_attributes": [],
          "private": "bnVsbA==",
          "dependencies": [
            "aws_instance.web_app"
          ]
        }
      ]
    },
    {
      "mode": "managed",
      "type": "aws_iam_policy",
      "name": "lambda_logging",
      "provider": "provider[\"registry.terraform.io/hashicorp/aws\"]",
      "instances": [
        {
          "schema_version": 0,
          "attributes": {
            "arn": "arn:aws:iam::356302822595:policy/pacer-pro-platform-test--lambda-logging",
            "attachment_count": 0,
            "description": "",
            "id": "arn:aws:iam::356302822595:policy/pacer-pro-platform-test--lambda-logging",
            "name": "pacer-pro-platform-test--lambda-logging",
            "name_prefix": "",
            "path": "/",
            "policy": "{\"Statement\":[{\"Action\":[\"logs:CreateLogGroup\",\"logs:CreateLogStream\",\"logs:PutLogEvents\"],\"Effect\":\"Allow\",\"Resource\":\"arn:aws:logs:us-east-1:*:log-group:/aws/lambda/pacer-pro-platform-test--restart-ec2:*\"}],\"Version\":\"2012-10-17\"}",
            "policy_id": "ANPAVF5KNTTBXZVGFQAKL",
            "tags": null,
            "tags_all": {}
          },
          "sensitive_attributes": [],
          "private": "bnVsbA=="
        }
      ]
    },
    {
      "mode": "managed",
      "type": "aws_iam_policy",
      "name": "sns_publish",
      "provider": "provider[\"registry.terraform.io/hashicorp/aws\"]",
      "instances": [
        {
          "schema_version": 0,
          "attributes": {
            "arn": "arn:aws:iam::356302822595:policy/pacer-pro-platform-test--sns-publish",
            "attachment_count": 0,
            "description": "",
            "id": "arn:aws:iam::356302822595:policy/pacer-pro-platform-test--sns-publish",
            "name": "pacer-pro-platform-test--sns-publish",
            "name_prefix": "",
            "path": "/",
            "policy": "{\"Statement\":[{\"Action\":[\"sns:Publish\"],\"Effect\":\"Allow\",\"Resource\":\"arn:aws:sns:us-east-1:356302822595:pacer-pro-platform-test--alerts\"}],\"Version\":\"2012-10-17\"}",
            "policy_id": "ANPAVF5KNTTBWG3FERC7N",
            "tags": null,
            "tags_all": {}
          },
          "sensitive_attributes": [],
          "private": "bnVsbA==",
          "dependencies": [
            "aws_sns_topic.alerts"
          ]
        }
      ]
    },
    {
      "mode": "managed",
      "type": "aws_iam_role",
      "name": "lambda_role",
      "provider": "provider[\"registry.terraform.io/hashicorp/aws\"]",
      "instances": [
        {
          "schema_version": 0,
          "attributes": {
            "arn": "arn:aws:iam::356302822595:role/pacer-pro-platform-test--lambda-role",
            "assume_role_policy": "{\"Statement\":[{\"Action\":\"sts:AssumeRole\",\"Effect\":\"Allow\",\"Principal\":{\"Service\":\"lambda.amazonaws.com\"},\"Sid\":\"\"}],\"Version\":\"2012-10-17\"}",
            "create_date": "2026-02-01T22:10:07Z",
            "description": "",
            "force_detach_policies": false,
            "id": "pacer-pro-platform-test--lambda-role",
            "inline_policy": [],
            "managed_policy_arns": [],
            "max_session_duration": 3600,
            "name": "pacer-pro-platform-test--lambda-role",
            "name_prefix": "",
            "path": "/",
            "permissions_boundary": "",
            "tags": null,
            "tags_all": {},
            "unique_id": "AROAVF5KNTTBS7Y5WIDM5"
          },
          "sensitive_attributes": [],
          "private": "bnVsbA=="
        }
      ]
    },
    {
      "mode": "managed",
      "type": "aws_iam_role_policy_attachment",
      "name": "ec2",
      "provider": "provider[\"registry.terraform.io/hashicorp/aws\"]",
      "instances": [
        {
          "schema_version": 0,
          "attributes": {
            "id": "pacer-pro-platform-test--lambda-role-20260201221021355000000004",
            "policy_arn": "arn:aws:iam::356302822595:policy/pacer-pro-platform-test--ec2-reboot",
            "role": "pacer-pro-platform-test--lambda-role"
          },
          "sensitive_attributes": [],
          "private": "bnVsbA==",
          "dependencies": [
            "aws_iam_policy.ec2_reboot",
            "aws_iam_role.lambda_role",
            "aws_instance.web_app"
          ]
        }
      ]
    },
    {
      "mode": "managed",
      "type": "aws_iam_role_policy_attachment",
      "name": "lambda_logging",
      "provider": "provider[\"registry.terraform.io/hashicorp/aws\"]",
      "instances": [
        {
          "schema_version": 0,
          "attributes": {
            "id": "pacer-pro-platform-test--lambda-role-20260201221008282900000002",
            "policy_arn": "arn:aws:iam::356302822595:policy/pacer-pro-platform-test--lambda-logging",
            "role": "pacer-pro-platform-test--lambda-role"
          },
          "sensitive_attributes": [],
          "private": "bnVsbA==",
          "dependencies": [
            "aws_iam_policy.lambda_logging",
            "aws_iam_role.lambda_role"
          ]
        }
      ]
    },
    {
      "mode": "managed",
      "type": "aws_iam_role_policy_attachment",
      "name": "sns",
      "provider": "provider[\"registry.terraform.io/hashicorp/aws\"]",
      "instances": [
        {
          "schema_version": 0,
          "attributes": {
            "id": "pacer-pro-platform-test--lambda-role-20260201221008893500000003",
            "policy_arn": "arn:aws:iam::356302822595:policy/pacer-pro-platform-test--sns-publish",
            "role": "pacer-pro-platform-test--lambda-role"
          },
          "sensitive_attributes": [],
          "private": "bnVsbA==",
          "dependencies": [
            "aws_iam_policy.sns_publish",
            "aws_iam_role.lambda_role",
            "aws_sns_topic.alerts"
          ]
        }
      ]
    },
    {
      "mode": "managed",
      "type": "aws_instance",
      "name": "web_app",
      "provider": "provider[\"registry.terraform.io/hashicorp/aws\"]",
      "instances": [
        {
          "schema_version": 1,
          "attributes": {
            "ami": "ami-026992d753d5622bc",
            "arn": "arn:aws:ec2:us-east-1:356302822595:instance/i-02b3633adc79beddb",
            "associate_public_ip_address": true,
            "availability_zone": "us-east-1c",
            "capacity_reservation_specification": [
              {
                "capacity_reservation_preference": "open",
                "capacity_reservation_target": []
              }
            ],
            "cpu_core_count": 1,
            "cpu_options": [
              {
                "amd_sev_snp": "",
                "core_count": 1,
                "threads_per_core": 2
              }
            ],
            "cpu_threads_per_core": 2,
            "credit_specification": [
              {
                "cpu_credits": "unlimited"
              }
            ],
            "disable_api_stop": false,
            "disable_api_termination": false,
            "ebs_block_device": [],
            "ebs_optimized": false,
            "enable_primary_ipv6": null,
            "enclave_options": [
              {
                "enabled": false
              }
            ],
            "ephemeral_block_device": [],
            "get_password_data": false,
            "hibernation": false,
            "host_id": "",
            "host_resource_group_arn": null,
            "iam_instance_profile": "",
            "id": "i-02b3633adc79beddb",
            "instance_initiated_shutdown_behavior": "stop",
            "instance_lifecycle": "",
            "instance_market_options": [],
            "instance_state": "running",
            "instance_type": "t3.micro",
            "ipv6_address_count": 0,
            "ipv6_addresses": [],
            "key_name": "",
            "launch_template": [],
            "maintenance_options": [
              {
                "auto_recovery": "default"
              }
            ],
            "metadata_options": [
              {
                "http_endpoint": "enabled",
                "http_protocol_ipv6": "disabled",
                "http_put_response_hop_limit": 1,
                "http_tokens": "optional",
                "instance_metadata_tags": "disabled"
              }
            ],
            "monitoring": false,
            "network_interface": [],
            "outpost_arn": "",
            "password_data": "",
            "placement_group": "",
            "placement_partition_number": 0,
            "primary_network_interface_id": "eni-06d8b3cde811865b6",
            "private_dns": "ip-172-31-17-28.ec2.internal",
            "private_dns_name_options": [
              {
                "enable_resource_name_dns_a_record": false,
                "enable_resource_name_dns_aaaa_record": false,
                "hostname_type": "ip-name"
              }
            ],
            "private_ip": "172.31.17.28",
            "public_dns": "ec2-34-227-103-124.compute-1.amazonaws.com",
            "public_ip": "34.227.103.124",
            "root_block_device": [
              {
                "delete_on_termination": true,
                "device_name": "/dev/xvda",
                "encrypted": false,
                "iops": 100,
                "kms_key_id": "",
                "tags": {},
                "tags_all": {},
                "throughput": 0,
                "volume_id": "vol-0be0792c54efacefd",
                "volume_size": 8,
                "volume_type": "gp2"
              }
            ],
            "secondary_private_ips": [],
            "security_groups": [
              "default"
            ],
            "source_dest_check": true,
            "spot_instance_request_id": "",
            "subnet_id": "subnet-019681d0963112b38",
            "tags": {
              "ManagedBy": "terraform",
              "Name": "pacer-pro-platform-test--web-app"
            },
            "tags_all": {
              "ManagedBy": "terraform",
              "Name": "pacer-pro-platform-test--web-app"
            },
            "tenancy": "default",
            "timeouts": null,
            "user_data": null,
            "user_data_base64": null,
            "user_data_replace_on_change": false,
            "volume_tags": null,
            "vpc_security_group_ids": [
              "sg-076ecb8fade75115c"
            ]
          },
          "sensitive_attributes": [],
          "private": "eyJlMmJmYjczMC1lY2FhLTExZTYtOGY4OC0zNDM2M2JjN2M0YzAiOnsiY3JlYXRlIjo2MDAwMDAwMDAwMDAsImRlbGV0ZSI6MTIwMDAwMDAwMDAwMCwicmVhZCI6OTAwMDAwMDAwMDAwLCJ1cGRhdGUiOjYwMDAwMDAwMDAwMH0sInNjaGVtYV92ZXJzaW9uIjoiMSJ9"
        }
      ]
    },
    {
      "mode": "managed",
      "type": "aws_lambda_function",
      "name": "restart_ec2",
      "provider": "provider[\"registry.terraform.io/hashicorp/aws\"]",
      "instances": [
        {
          "schema_version": 0,
          "attributes": {
            "architectures": [
              "x86_64"
            ],
            "arn": "arn:aws:lambda:us-east-1:356302822595:function:pacer-pro-platform-test--restart-ec2",
            "code_sha256": "TjDvNYOtCaeuOCCPKhQSiXuOjDDnEMZraOZ3IJP2/XE=",
            "code_signing_config_arn": "",
            "dead_letter_config": [],
            "description": "",
            "environment": [
              {
                "variables": {
                  "INSTANCE_ID": "i-02b3633adc79beddb",
                  "SNS_TOPIC_ARN": "arn:aws:sns:us-east-1:356302822595:pacer-pro-platform-test--alerts"
                }
              }
            ],
            "ephemeral_storage": [
              {
                "size": 512
              }
            ],
            "file_system_config": [],
            "filename": "./../lambda_function.zip",
            "function_name": "pacer-pro-platform-test--restart-ec2",
            "handler": "lambda_function.lambda_handler",
            "id": "pacer-pro-platform-test--restart-ec2",
            "image_config": [],
            "image_uri": "",
            "invoke_arn": "arn:aws:apigateway:us-east-1:lambda:path/2015-03-31/functions/arn:aws:lambda:us-east-1:356302822595:function:pacer-pro-platform-test--restart-ec2/invocations",
            "kms_key_arn": "",
            "last_modified": "2026-02-01T22:10:21.285+0000",
            "layers": null,
            "logging_config": [
              {
                "application_log_level": "",
                "log_format": "Text",
                "log_group": "/aws/lambda/pacer-pro-platform-test--restart-ec2",
                "system_log_level": ""
              }
            ],
            "memory_size": 128,
            "package_type": "Zip",
            "publish": false,
            "qualified_arn": "arn:aws:lambda:us-east-1:356302822595:function:pacer-pro-platform-test--restart-ec2:$LATEST",
            "qualified_invoke_arn": "arn:aws:apigateway:us-east-1:lambda:path/2015-03-31/functions/arn:aws:lambda:us-east-1:356302822595:function:pacer-pro-platform-test--restart-ec2:$LATEST/invocations",
            "replace_security_groups_on_destroy": null,
            "replacement_security_group_ids": null,
            "reserved_concurrent_executions": -1,
            "role": "arn:aws:iam::356302822595:role/pacer-pro-platform-test--lambda-role",
            "runtime": "python3.10",
            "s3_bucket": null,
            "s3_key": null,
            "s3_object_version": null,
            "signing_job_arn": "",
            "signing_profile_version_arn": "",
            "skip_destroy": false,
            "snap_start": [],
            "source_code_hash": "TjDvNYOtCaeuOCCPKhQSiXuOjDDnEMZraOZ3IJP2/XE=",
            "source_code_size": 870,
            "tags": null,
            "tags_all": {},
            "timeout": 30,
            "timeouts": null,
            "tracing_config": [
              {
                "mode": "PassThrough"
              }
            ],
            "version": "$LATEST",
            "vpc_config": []
          },
          "sensitive_attributes": [],
          "private": "eyJlMmJmYjczMC1lY2FhLTExZTYtOGY4OC0zNDM2M2JjN2M0YzAiOnsiY3JlYXRlIjo2MDAwMDAwMDAwMDAsImRlbGV0ZSI6NjAwMDAwMDAwMDAwLCJ1cGRhdGUiOjYwMDAwMDAwMDAwMH19",
          "dependencies": [
            "aws_iam_role.lambda_role",
            "aws_instance.web_app",
            "aws_sns_topic.alerts",
            "data.archive_file.lambda_zip"
          ]
        }
      ]
    },
    {
      "mode": "managed",
      "type": "aws_lambda_permission",
      "name": "allows-sns",
      "provider": "provider[\"registry.terraform.io/hashicorp/aws\"]",
      "instances": [
        {
          "schema_version": 0,
          "attributes": {
            "action": "lambda:InvokeFunction",
            "event_source_token": null,
            "function_name": "pacer-pro-platform-test--restart-ec2",
            "function_url_auth_type": null,
            "id": "AllowExecutionFromSns",
            "principal": "sns.amazonaws.com",
            "principal_org_id": null,
            "qualifier": "",
            "source_account": null,
            "source_arn": "arn:aws:sns:us-east-1:356302822595:pacer-pro-platform-test--alerts",
            "statement_id": "AllowExecutionFromSns",
            "statement_id_prefix": ""
          },
          "sensitive_attributes": [],
          "private": "bnVsbA==",
          "dependencies": [
            "aws_iam_role.lambda_role",
            "aws_instance.web_app",
            "aws_lambda_function.restart_ec2",
            "aws_sns_topic.alerts",
            "data.archive_file.lambda_zip"
          ]
        }
      ]
    },
    {
      "mode": "managed",
      "type": "aws_sns_topic",
      "name": "alerts",
      "provider": "provider[\"registry.terraform.io/hashicorp/aws\"]",
      "instances": [
        {
          "schema_version": 0,
          "attributes": {
            "application_failure_feedback_role_arn": "",
            "application_success_feedback_role_arn": "",
            "application_success_feedback_sample_rate": 0,
            "archive_policy": "",
            "arn": "arn:aws:sns:us-east-1:356302822595:pacer-pro-platform-test--alerts",
            "beginning_archive_time": "",
            "content_based_deduplication": false,
            "delivery_policy": "",
            "display_name": "",
            "fifo_throughput_scope": "",
            "fifo_topic": false,
            "firehose_failure_feedback_role_arn": "",
            "firehose_success_feedback_role_arn": "",
            "firehose_success_feedback_sample_rate": 0,
            "http_failure_feedback_role_arn": "",
            "http_success_feedback_role_arn": "",
            "http_success_feedback_sample_rate": 0,
            "id": "arn:aws:sns:us-east-1:356302822595:pacer-pro-platform-test--alerts",
            "kms_master_key_id": "",
            "lambda_failure_feedback_role_arn": "",
            "lambda_success_feedback_role_arn": "",
            "lambda_success_feedback_sample_rate": 0,
            "name": "pacer-pro-platform-test--alerts",
            "name_prefix": "",
            "owner": "356302822595",
            "policy": "{\"Id\":\"__default_policy_ID\",\"Statement\":[{\"Action\":[\"SNS:GetTopicAttributes\",\"SNS:SetTopicAttributes\",\"SNS:AddPermission\",\"SNS:RemovePermission\",\"SNS:DeleteTopic\",\"SNS:Subscribe\",\"SNS:ListSubscriptionsByTopic\",\"SNS:Publish\"],\"Condition\":{\"StringEquals\":{\"AWS:SourceOwner\":\"356302822595\"}},\"Effect\":\"Allow\",\"Principal\":{\"AWS\":\"*\"},\"Resource\":\"arn:aws:sns:us-east-1:356302822595:pacer-pro-platform-test--alerts\",\"Sid\":\"__default_statement_ID\"}],\"Version\":\"2008-10-17\"}",
            "signature_version": 0,
            "sqs_failure_feedback_role_arn": "",
            "sqs_success_feedback_role_arn": "",
            "sqs_success_feedback_sample_rate": 0,
            "tags": null,
            "tags_all": {},
            "tracing_config": ""
          },
          "sensitive_attributes": [],
          "private": "bnVsbA=="
        }
      ]
    },
    {
      "mode": "managed",
      "type": "aws_sns_topic",
      "name": "sumo_logic_alerts",
      "provider": "provider[\"registry.terraform.io/hashicorp/aws\"]",
      "instances": [
        {
          "schema_version": 0,
          "attributes": {
            "application_failure_feedback_role_arn": "",
            "application_success_feedback_role_arn": "",
            "application_success_feedback_sample_rate": 0,
            "archive_policy": "",
            "arn": "arn:aws:sns:us-east-1:356302822595:pacer-pro-platform-test--sumo-logic-alerts",
            "beginning_archive_time": "",
            "content_based_deduplication": false,
            "delivery_policy": "",
            "display_name": "",
            "fifo_throughput_scope": "",
            "fifo_topic": false,
            "firehose_failure_feedback_role_arn": "",
            "firehose_success_feedback_role_arn": "",
            "firehose_success_feedback_sample_rate": 0,
            "http_failure_feedback_role_arn": "",
            "http_success_feedback_role_arn": "",
            "http_success_feedback_sample_rate": 0,
            "id": "arn:aws:sns:us-east-1:356302822595:pacer-pro-platform-test--sumo-logic-alerts",
            "kms_master_key_id": "",
            "lambda_failure_feedback_role_arn": "",
            "lambda_success_feedback_role_arn": "",
            "lambda_success_feedback_sample_rate": 0,
            "name": "pacer-pro-platform-test--sumo-logic-alerts",
            "name_prefix": "",
            "owner": "356302822595",
            "policy": "{\"Id\":\"__default_policy_ID\",\"Statement\":[{\"Action\":[\"SNS:GetTopicAttributes\",\"SNS:SetTopicAttributes\",\"SNS:AddPermission\",\"SNS:RemovePermission\",\"SNS:DeleteTopic\",\"SNS:Subscribe\",\"SNS:ListSubscriptionsByTopic\",\"SNS:Publish\"],\"Condition\":{\"StringEquals\":{\"AWS:SourceOwner\":\"356302822595\"}},\"Effect\":\"Allow\",\"Principal\":{\"AWS\":\"*\"},\"Resource\":\"arn:aws:sns:us-east-1:356302822595:pacer-pro-platform-test--sumo-logic-alerts\",\"Sid\":\"__default_statement_ID\"}],\"Version\":\"2008-10-17\"}",
            "signature_version": 0,
            "sqs_failure_feedback_role_arn": "",
            "sqs_success_feedback_role_arn": "",
            "sqs_success_feedback_sample_rate": 0,
            "tags": null,
            "tags_all": {},
            "tracing_config": ""
          },
          "sensitive_attributes": [],
          "private": "bnVsbA=="
        }
      ]
    },
    {
      "mode": "managed",
      "type": "aws_sns_topic_subscription",
      "name": "email",
      "provider": "provider[\"registry.terraform.io/hashicorp/aws\"]",
      "instances": [
        {
          "schema_version": 0,
          "attributes": {
            "arn": "arn:aws:sns:us-east-1:356302822595:pacer-pro-platform-test--alerts:d380f125-1742-4f0b-ab7f-8c765c31831d",
            "confirmation_timeout_in_minutes": 1,
            "confirmation_was_authenticated": false,
            "delivery_policy": "",
            "endpoint": "pkalivarapu@gmail.com",
            "endpoint_auto_confirms": false,
            "filter_policy": "",
            "filter_policy_scope": "",
            "id": "arn:aws:sns:us-east-1:356302822595:pacer-pro-platform-test--alerts:d380f125-1742-4f0b-ab7f-8c765c31831d",
            "owner_id": "356302822595",
            "pending_confirmation": true,
            "protocol": "email",
            "raw_message_delivery": false,
            "redrive_policy": "",
            "replay_policy": "",
            "subscription_role_arn": "",
            "topic_arn": "arn:aws:sns:us-east-1:356302822595:pacer-pro-platform-test--alerts"
          },
          "sensitive_attributes": [],
          "private": "bnVsbA==",
          "dependencies": [
            "aws_sns_topic.alerts"
          ]
        }
      ]
    },
    {
      "mode": "managed",
      "type": "aws_sns_topic_subscription",
      "name": "lambda",
      "provider": "provider[\"registry.terraform.io/hashicorp/aws\"]",
      "instances": [
        {
          "schema_version": 0,
          "attributes": {
            "arn": "arn:aws:sns:us-east-1:356302822595:pacer-pro-platform-test--sumo-logic-alerts:56e90bc3-468f-4a68-91e8-5a5d60b744fd",
            "confirmation_timeout_in_minutes": 1,
            "confirmation_was_authenticated": true,
            "delivery_policy": "",
            "endpoint": "arn:aws:lambda:us-east-1:356302822595:function:pacer-pro-platform-test--restart-ec2",
            "endpoint_auto_confirms": false,
            "filter_policy": "",
            "filter_policy_scope": "",
            "id": "arn:aws:sns:us-east-1:356302822595:pacer-pro-platform-test--sumo-logic-alerts:56e90bc3-468f-4a68-91e8-5a5d60b744fd",
            "owner_id": "356302822595",
            "pending_confirmation": false,
            "protocol": "lambda",
            "raw_message_delivery": false,
            "redrive_policy": "",
            "replay_policy": "",
            "subscription_role_arn": "",
            "topic_arn": "arn:aws:sns:us-east-1:356302822595:pacer-pro-platform-test--sumo-logic-alerts"
          },
          "sensitive_attributes": [],
          "private": "bnVsbA==",
          "dependencies": [
            "aws_iam_role.lambda_role",
            "aws_instance.web_app",
            "aws_lambda_function.restart_ec2",
            "aws_sns_topic.alerts",
            "aws_sns_topic.sumo_logic_alerts",
            "data.archive_file.lambda_zip"
          ]
        }
      ]
    }
  ],
  "check_results": null
}
